
Microsoft Visual Studio Solution File, Format Version 12.00
# Visual Studio Version 17
VisualStudioVersion = 17.10.34928.147
MinimumVisualStudioVersion = 10.0.40219.1
Project("{9A19103F-16F7-4668-BE54-9A1E7A4F7556}") = "OptimizelyTwelveTest", "OptimizelyTwelveTest\OptimizelyTwelveTest.csproj", "{5D9A020E-AE86-4902-AC8C-94C3A24297BF}"
EndProject
Project("{9A19103F-16F7-4668-BE54-9A1E7A4F7556}") = "Stott.Optimizely.RobotsHandler", "..\src\Stott.Optimizely.RobotsHandler\Stott.Optimizely.RobotsHandler.csproj", "{696A0DB5-92CA-4992-AA55-3C2F570888C2}"
EndProject
Project("{9A19103F-16F7-4668-BE54-9A1E7A4F7556}") = "Stott.Optimizely.RobotsHandler.Test", "..\src\Stott.Optimizely.RobotsHandler.Test\Stott.Optimizely.RobotsHandler.Test.csproj", "{D7D6E33E-542E-46E1-B0C6-BFC4210E47D1}"
EndProject
Global
	GlobalSection(SolutionConfigurationPlatforms) = preSolution
		Debug|Any CPU = Debug|Any CPU
		Release|Any CPU = Release|Any CPU
	EndGlobalSection
	GlobalSection(ProjectConfigurationPlatforms) = postSolution
		{5D9A020E-AE86-4902-AC8C-94C3A24297BF}.Debug|Any CPU.ActiveCfg = Debug|Any CPU
		{5D9A020E-AE86-4902-AC8C-94C3A24297BF}.Debug|Any CPU.Build.0 = Debug|Any CPU
		{5D9A020E-AE86-4902-AC8C-94C3A24297BF}.Release|Any CPU.ActiveCfg = Release|Any CPU
		{5D9A020E-AE86-4902-AC8C-94C3A24297BF}.Release|Any CPU.Build.0 = Release|Any CPU
		{696A0DB5-92CA-4992-AA55-3C2F570888C2}.Debug|Any CPU.ActiveCfg = Debug|Any CPU
		{696A0DB5-92CA-4992-AA55-3C2F570888C2}.Debug|Any CPU.Build.0 = Debug|Any CPU
		{696A0DB5-92CA-4992-AA55-3C2F570888C2}.Release|Any CPU.ActiveCfg = Release|Any CPU
		{696A0DB5-92CA-4992-AA55-3C2F570888C2}.Release|Any CPU.Build.0 = Release|Any CPU
		{D7D6E33E-542E-46E1-B0C6-BFC4210E47D1}.Debug|Any CPU.ActiveCfg = Debug|Any CPU
		{D7D6E33E-542E-46E1-B0C6-BFC4210E47D1}.Debug|Any CPU.Build.0 = Debug|Any CPU
		{D7D6E33E-542E-46E1-B0C6-BFC4210E47D1}.Release|Any CPU.ActiveCfg = Release|Any CPU
		{D7D6E33E-542E-46E1-B0C6-BFC4210E47D1}.Release|Any CPU.Build.0 = Release|Any CPU
	EndGlobalSection
	GlobalSection(SolutionProperties) = preSolution
		HideSolutionNode = FALSE
	EndGlobalSection
	GlobalSection(ExtensibilityGlobals) = postSolution
		SolutionGuid = {EC53AED3-7161-4A11-BEA3-30544B259715}
	EndGlobalSection
EndGlobal
